// !$*UTF8*$!
{
	archiveVersion = 1;
	classes = {
	};
	objectVersion = 50;
	objects = {

/* Begin PBXBuildFile section */
		C9F8B4BF227AC54900B5F4D9 /* AppDelegate.swift in Sources */ = {isa = PBXBuildFile; fileRef = C9F8B4BE227AC54900B5F4D9 /* AppDelegate.swift */; };
		C9F8B4C1227AC54900B5F4D9 /* ViewController.swift in Sources */ = {isa = PBXBuildFile; fileRef = C9F8B4C0227AC54900B5F4D9 /* ViewController.swift */; };
		C9F8B4C4227AC54900B5F4D9 /* Main.storyboard in Resources */ = {isa = PBXBuildFile; fileRef = C9F8B4C2227AC54900B5F4D9 /* Main.storyboard */; };
		C9F8B4C7227AC54900B5F4D9 /* GithubSearchIsuueApp.xcdatamodeld in Sources */ = {isa = PBXBuildFile; fileRef = C9F8B4C5227AC54900B5F4D9 /* GithubSearchIsuueApp.xcdatamodeld */; };
		C9F8B4C9227AC54C00B5F4D9 /* Assets.xcassets in Resources */ = {isa = PBXBuildFile; fileRef = C9F8B4C8227AC54C00B5F4D9 /* Assets.xcassets */; };
		C9F8B4CC227AC54C00B5F4D9 /* LaunchScreen.storyboard in Resources */ = {isa = PBXBuildFile; fileRef = C9F8B4CA227AC54C00B5F4D9 /* LaunchScreen.storyboard */; };
		C9F8B4D7227AC54D00B5F4D9 /* GithubSearchIsuueAppTests.swift in Sources */ = {isa = PBXBuildFile; fileRef = C9F8B4D6227AC54D00B5F4D9 /* GithubSearchIsuueAppTests.swift */; };
/* End PBXBuildFile section */

/* Begin PBXContainerItemProxy section */
		C9F8B4D3227AC54D00B5F4D9 /* PBXContainerItemProxy */ = {
			isa = PBXContainerItemProxy;
			containerPortal = C9F8B4B3227AC54900B5F4D9 /* Project object */;
			proxyType = 1;
			remoteGlobalIDString = C9F8B4BA227AC54900B5F4D9;
			remoteInfo = GithubSearchIsuueApp;
		};
/* End PBXContainerItemProxy section */

/* Begin PBXFileReference section */
		C9F8B4BB227AC54900B5F4D9 /* GithubSearchIsuueApp.app */ = {isa = PBXFileReference; explicitFileType = wrapper.application; includeInIndex = 0; path = GithubSearchIsuueApp.app; sourceTree = BUILT_PRODUCTS_DIR; };
		C9F8B4BE227AC54900B5F4D9 /* AppDelegate.swift */ = {isa = PBXFileReference; lastKnownFileType = sourcecode.swift; path = AppDelegate.swift; sourceTree = "<group>"; };
		C9F8B4C0227AC54900B5F4D9 /* ViewController.swift */ = {isa = PBXFileReference; lastKnownFileType = sourcecode.swift; path = ViewController.swift; sourceTree = "<group>"; };
		C9F8B4C3227AC54900B5F4D9 /* Base */ = {isa = PBXFileReference; lastKnownFileType = file.storyboard; name = Base; path = Base.lproj/Main.storyboard; sourceTree = "<group>"; };
		C9F8B4C6227AC54900B5F4D9 /* GithubSearchIsuueApp.xcdatamodel */ = {isa = PBXFileReference; lastKnownFileType = wrapper.xcdatamodel; path = GithubSearchIsuueApp.xcdatamodel; sourceTree = "<group>"; };
		C9F8B4C8227AC54C00B5F4D9 /* Assets.xcassets */ = {isa = PBXFileReference; lastKnownFileType = folder.assetcatalog; path = Assets.xcassets; sourceTree = "<group>"; };
		C9F8B4CB227AC54C00B5F4D9 /* Base */ = {isa = PBXFileReference; lastKnownFileType = file.storyboard; name = Base; path = Base.lproj/LaunchScreen.storyboard; sourceTree = "<group>"; };
		C9F8B4CD227AC54C00B5F4D9 /* Info.plist */ = {isa = PBXFileReference; lastKnownFileType = text.plist.xml; path = Info.plist; sourceTree = "<group>"; };
		C9F8B4D2227AC54D00B5F4D9 /* GithubSearchIsuueAppTests.xctest */ = {isa = PBXFileReference; explicitFileType = wrapper.cfbundle; includeInIndex = 0; path = GithubSearchIsuueAppTests.xctest; sourceTree = BUILT_PRODUCTS_DIR; };
		C9F8B4D6227AC54D00B5F4D9 /* GithubSearchIsuueAppTests.swift */ = {isa = PBXFileReference; lastKnownFileType = sourcecode.swift; path = GithubSearchIsuueAppTests.swift; sourceTree = "<group>"; };
		C9F8B4D8227AC54D00B5F4D9 /* Info.plist */ = {isa = PBXFileReference; lastKnownFileType = text.plist.xml; path = Info.plist; sourceTree = "<group>"; };
/* End PBXFileReference section */

/* Begin PBXFrameworksBuildPhase section */
		C9F8B4B8227AC54900B5F4D9 /* Frameworks */ = {
			isa = PBXFrameworksBuildPhase;
			buildActionMask = 2147483647;
			files = (
			);
			runOnlyForDeploymentPostprocessing = 0;
		};
		C9F8B4CF227AC54D00B5F4D9 /* Frameworks */ = {
			isa = PBXFrameworksBuildPhase;
			buildActionMask = 2147483647;
			files = (
			);
			runOnlyForDeploymentPostprocessing = 0;
		};
/* End PBXFrameworksBuildPhase section */

/* Begin PBXGroup section */
		C9F8B4B2227AC54900B5F4D9 = {
			isa = PBXGroup;
			children = (
				C9F8B4BD227AC54900B5F4D9 /* GithubSearchIsuueApp */,
				C9F8B4D5227AC54D00B5F4D9 /* GithubSearchIsuueAppTests */,
				C9F8B4BC227AC54900B5F4D9 /* Products */,
			);
			sourceTree = "<group>";
		};
		C9F8B4BC227AC54900B5F4D9 /* Products */ = {
			isa = PBXGroup;
			children = (
				C9F8B4BB227AC54900B5F4D9 /* GithubSearchIsuueApp.app */,
				C9F8B4D2227AC54D00B5F4D9 /* GithubSearchIsuueAppTests.xctest */,
			);
			name = Products;
			sourceTree = "<group>";
		};
		C9F8B4BD227AC54900B5F4D9 /* GithubSearchIsuueApp */ = {
			isa = PBXGroup;
			children = (
				C9F8B4BE227AC54900B5F4D9 /* AppDelegate.swift */,
				C9F8B4C0227AC54900B5F4D9 /* ViewController.swift */,
				C9F8B4C2227AC54900B5F4D9 /* Main.storyboard */,
				C9F8B4C8227AC54C00B5F4D9 /* Assets.xcassets */,
				C9F8B4CA227AC54C00B5F4D9 /* LaunchScreen.storyboard */,
				C9F8B4CD227AC54C00B5F4D9 /* Info.plist */,
				C9F8B4C5227AC54900B5F4D9 /* GithubSearchIsuueApp.xcdatamodeld */,
			);
			path = GithubSearchIsuueApp;
			sourceTree = "<group>";
		};
		C9F8B4D5227AC54D00B5F4D9 /* GithubSearchIsuueAppTests */ = {
			isa = PBXGroup;
			children = (
				C9F8B4D6227AC54D00B5F4D9 /* GithubSearchIsuueAppTests.swift */,
				C9F8B4D8227AC54D00B5F4D9 /* Info.plist */,
			);
			path = GithubSearchIsuueAppTests;
			sourceTree = "<group>";
		};
/* End PBXGroup section */

/* Begin PBXNativeTarget section */
		C9F8B4BA227AC54900B5F4D9 /* GithubSearchIsuueApp */ = {
			isa = PBXNativeTarget;
			buildConfigurationList = C9F8B4DB227AC54D00B5F4D9 /* Build configuration list for PBXNativeTarget "GithubSearchIsuueApp" */;
			buildPhases = (
				C9F8B4B7227AC54900B5F4D9 /* Sources */,
				C9F8B4B8227AC54900B5F4D9 /* Frameworks */,
				C9F8B4B9227AC54900B5F4D9 /* Resources */,
			);
			buildRules = (
			);
			dependencies = (
			);
			name = GithubSearchIsuueApp;
			productName = GithubSearchIsuueApp;
			productReference = C9F8B4BB227AC54900B5F4D9 /* GithubSearchIsuueApp.app */;
			productType = "com.apple.product-type.application";
		};
		C9F8B4D1227AC54D00B5F4D9 /* GithubSearchIsuueAppTests */ = {
			isa = PBXNativeTarget;
			buildConfigurationList = C9F8B4DE227AC54D00B5F4D9 /* Build configuration list for PBXNativeTarget "GithubSearchIsuueAppTests" */;
			buildPhases = (
				C9F8B4CE227AC54D00B5F4D9 /* Sources */,
				C9F8B4CF227AC54D00B5F4D9 /* Frameworks */,
				C9F8B4D0227AC54D00B5F4D9 /* Resources */,
			);
			buildRules = (
			);
			dependencies = (
				C9F8B4D4227AC54D00B5F4D9 /* PBXTargetDependency */,
			);
			name = GithubSearchIsuueAppTests;
			productName = GithubSearchIsuueAppTests;
			productReference = C9F8B4D2227AC54D00B5F4D9 /* GithubSearchIsuueAppTests.xctest */;
			productType = "com.apple.product-type.bundle.unit-test";
		};
/* End PBXNativeTarget section */

/* Begin PBXProject section */
		C9F8B4B3227AC54900B5F4D9 /* Project object */ = {
			isa = PBXProject;
			attributes = {
				LastSwiftUpdateCheck = 1020;
				LastUpgradeCheck = 1020;
				ORGANIZATIONNAME = daeun;
				TargetAttributes = {
					C9F8B4BA227AC54900B5F4D9 = {
						CreatedOnToolsVersion = 10.2.1;
					};
					C9F8B4D1227AC54D00B5F4D9 = {
						CreatedOnToolsVersion = 10.2.1;
						TestTargetID = C9F8B4BA227AC54900B5F4D9;
					};
				};
			};
			buildConfigurationList = C9F8B4B6227AC54900B5F4D9 /* Build configuration list for PBXProject "GithubSearchIsuueApp" */;
			compatibilityVersion = "Xcode 9.3";
			developmentRegion = en;
			hasScannedForEncodings = 0;
			knownRegions = (
				en,
				Base,
			);
			mainGroup = C9F8B4B2227AC54900B5F4D9;
			productRefGroup = C9F8B4BC227AC54900B5F4D9 /* Products */;
			projectDirPath = "";
			projectRoot = "";
			targets = (
				C9F8B4BA227AC54900B5F4D9 /* GithubSearchIsuueApp */,
				C9F8B4D1227AC54D00B5F4D9 /* GithubSearchIsuueAppTests */,
			);
		};
/* End PBXProject section */

/* Begin PBXResourcesBuildPhase section */
		C9F8B4B9227AC54900B5F4D9 /* Resources */ = {
			isa = PBXResourcesBuildPhase;
			buildActionMask = 2147483647;
			files = (
				C9F8B4CC227AC54C00B5F4D9 /* LaunchScreen.storyboard in Resources */,
				C9F8B4C9227AC54C00B5F4D9 /* Assets.xcassets in Resources */,
				C9F8B4C4227AC54900B5F4D9 /* Main.storyboard in Resources */,
			);
			runOnlyForDeploymentPostprocessing = 0;
		};
		C9F8B4D0227AC54D00B5F4D9 /* Resources */ = {
			isa = PBXResourcesBuildPhase;
			buildActionMask = 2147483647;
			files = (
			);
			runOnlyForDeploymentPostprocessing = 0;
		};
/* End PBXResourcesBuildPhase section */

/* Begin PBXSourcesBuildPhase section */
		C9F8B4B7227AC54900B5F4D9 /* Sources */ = {
			isa = PBXSourcesBuildPhase;
			buildActionMask = 2147483647;
			files = (
				C9F8B4C1227AC54900B5F4D9 /* ViewController.swift in Sources */,
				C9F8B4C7227AC54900B5F4D9 /* GithubSearchIsuueApp.xcdatamodeld in Sources */,
				C9F8B4BF227AC54900B5F4D9 /* AppDelegate.swift in Sources */,
			);
			runOnlyForDeploymentPostprocessing = 0;
		};
		C9F8B4CE227AC54D00B5F4D9 /* Sources */ = {
			isa = PBXSourcesBuildPhase;
			buildActionMask = 2147483647;
			files = (
				C9F8B4D7227AC54D00B5F4D9 /* GithubSearchIsuueAppTests.swift in Sources */,
			);
			runOnlyForDeploymentPostprocessing = 0;
		};
/* End PBXSourcesBuildPhase section */

/* Begin PBXTargetDependency section */
		C9F8B4D4227AC54D00B5F4D9 /* PBXTargetDependency */ = {
			isa = PBXTargetDependency;
			target = C9F8B4BA227AC54900B5F4D9 /* GithubSearchIsuueApp */;
			targetProxy = C9F8B4D3227AC54D00B5F4D9 /* PBXContainerItemProxy */;
		};
/* End PBXTargetDependency section */

/* Begin PBXVariantGroup section */
		C9F8B4C2227AC54900B5F4D9 /* Main.storyboard */ = {
			isa = PBXVariantGroup;
			children = (
				C9F8B4C3227AC54900B5F4D9 /* Base */,
			);
			name = Main.storyboard;
			sourceTree = "<group>";
		};
		C9F8B4CA227AC54C00B5F4D9 /* LaunchScreen.storyboard */ = {
			isa = PBXVariantGroup;
			children = (
				C9F8B4CB227AC54C00B5F4D9 /* Base */,
			);
			name = LaunchScreen.storyboard;
			sourceTree = "<group>";
		};
/* End PBXVariantGroup section */

/* Begin XCBuildConfiguration section */
		C9F8B4D9227AC54D00B5F4D9 /* Debug */ = {
			isa = XCBuildConfiguration;
			buildSettings = {
				ALWAYS_SEARCH_USER_PATHS = NO;
				CLANG_ANALYZER_NONNULL = YES;
				CLANG_ANALYZER_NUMBER_OBJECT_CONVERSION = YES_AGGRESSIVE;
				CLANG_CXX_LANGUAGE_STANDARD = "gnu++14";
				CLANG_CXX_LIBRARY = "libc++";
				CLANG_ENABLE_MODULES = YES;
				CLANG_ENABLE_OBJC_ARC = YES;
				CLANG_ENABLE_OBJC_WEAK = YES;
				CLANG_WARN_BLOCK_CAPTURE_AUTORELEASING = YES;
				CLANG_WARN_BOOL_CONVERSION = YES;
				CLANG_WARN_COMMA = YES;
				CLANG_WARN_CONSTANT_CONVERSION = YES;
				CLANG_WARN_DEPRECATED_OBJC_IMPLEMENTATIONS = YES;
				CLANG_WARN_DIRECT_OBJC_ISA_USAGE = YES_ERROR;
				CLANG_WARN_DOCUMENTATION_COMMENTS = YES;
				CLANG_WARN_EMPTY_BODY = YES;
				CLANG_WARN_ENUM_CONVERSION = YES;
				CLANG_WARN_INFINITE_RECURSION = YES;
				CLANG_WARN_INT_CONVERSION = YES;
				CLANG_WARN_NON_LITERAL_NULL_CONVERSION = YES;
				CLANG_WARN_OBJC_IMPLICIT_RETAIN_SELF = YES;
				CLANG_WARN_OBJC_LITERAL_CONVERSION = YES;
				CLANG_WARN_OBJC_ROOT_CLASS = YES_ERROR;
				CLANG_WARN_RANGE_LOOP_ANALYSIS = YES;
				CLANG_WARN_STRICT_PROTOTYPES = YES;
				CLANG_WARN_SUSPICIOUS_MOVE = YES;
				CLANG_WARN_UNGUARDED_AVAILABILITY = YES_AGGRESSIVE;
				CLANG_WARN_UNREACHABLE_CODE = YES;
				CLANG_WARN__DUPLICATE_METHOD_MATCH = YES;
				CODE_SIGN_IDENTITY = "iPhone Developer";
				COPY_PHASE_STRIP = NO;
				DEBUG_INFORMATION_FORMAT = dwarf;
				ENABLE_STRICT_OBJC_MSGSEND = YES;
				ENABLE_TESTABILITY = YES;
				GCC_C_LANGUAGE_STANDARD = gnu11;
				GCC_DYNAMIC_NO_PIC = NO;
				GCC_NO_COMMON_BLOCKS = YES;
				GCC_OPTIMIZATION_LEVEL = 0;
				GCC_PREPROCESSOR_DEFINITIONS = (
					"DEBUG=1",
					"$(inherited)",
				);
				GCC_WARN_64_TO_32_BIT_CONVERSION = YES;
				GCC_WARN_ABOUT_RETURN_TYPE = YES_ERROR;
				GCC_WARN_UNDECLARED_SELECTOR = YES;
				GCC_WARN_UNINITIALIZED_AUTOS = YES_AGGRESSIVE;
				GCC_WARN_UNUSED_FUNCTION = YES;
				GCC_WARN_UNUSED_VARIABLE = YES;
				IPHONEOS_DEPLOYMENT_TARGET = 12.2;
				MTL_ENABLE_DEBUG_INFO = INCLUDE_SOURCE;
				MTL_FAST_MATH = YES;
				ONLY_ACTIVE_ARCH = YES;
				SDKROOT = iphoneos;
				SWIFT_ACTIVE_COMPILATION_CONDITIONS = DEBUG;
				SWIFT_OPTIMIZATION_LEVEL = "-Onone";
			};
			name = Debug;
		};
		C9F8B4DA227AC54D00B5F4D9 /* Release */ = {
			isa = XCBuildConfiguration;
			buildSettings = {
				ALWAYS_SEARCH_USER_PATHS = NO;
				CLANG_ANALYZER_NONNULL = YES;
				CLANG_ANALYZER_NUMBER_OBJECT_CONVERSION = YES_AGGRESSIVE;
				CLANG_CXX_LANGUAGE_STANDARD = "gnu++14";
				CLANG_CXX_LIBRARY = "libc++";
				CLANG_ENABLE_MODULES = YES;
				CLANG_ENABLE_OBJC_ARC = YES;
				CLANG_ENABLE_OBJC_WEAK = YES;
				CLANG_WARN_BLOCK_CAPTURE_AUTORELEASING = YES;
				CLANG_WARN_BOOL_CONVERSION = YES;
				CLANG_WARN_COMMA = YES;
				CLANG_WARN_CONSTANT_CONVERSION = YES;
				CLANG_WARN_DEPRECATED_OBJC_IMPLEMENTATIONS = YES;
				CLANG_WARN_DIRECT_OBJC_ISA_USAGE = YES_ERROR;
				CLANG_WARN_DOCUMENTATION_COMMENTS = YES;
				CLANG_WARN_EMPTY_BODY = YES;
				CLANG_WARN_ENUM_CONVERSION = YES;
				CLANG_WARN_INFINITE_RECURSION = YES;
				CLANG_WARN_INT_CONVERSION = YES;
				CLANG_WARN_NON_LITERAL_NULL_CONVERSION = YES;
				CLANG_WARN_OBJC_IMPLICIT_RETAIN_SELF = YES;
				CLANG_WARN_OBJC_LITERAL_CONVERSION = YES;
				CLANG_WARN_OBJC_ROOT_CLASS = YES_ERROR;
				CLANG_WARN_RANGE_LOOP_ANALYSIS = YES;
				CLANG_WARN_STRICT_PROTOTYPES = YES;
				CLANG_WARN_SUSPICIOUS_MOVE = YES;
				CLANG_WARN_UNGUARDED_AVAILABILITY = YES_AGGRESSIVE;
				CLANG_WARN_UNREACHABLE_CODE = YES;
				CLANG_WARN__DUPLICATE_METHOD_MATCH = YES;
				CODE_SIGN_IDENTITY = "iPhone Developer";
				COPY_PHASE_STRIP = NO;
				DEBUG_INFORMATION_FORMAT = "dwarf-with-dsym";
				ENABLE_NS_ASSERTIONS = NO;
				ENABLE_STRICT_OBJC_MSGSEND = YES;
				GCC_C_LANGUAGE_STANDARD = gnu11;
				GCC_NO_COMMON_BLOCKS = YES;
				GCC_WARN_64_TO_32_BIT_CONVERSION = YES;
				GCC_WARN_ABOUT_RETURN_TYPE = YES_ERROR;
				GCC_WARN_UNDECLARED_SELECTOR = YES;
				GCC_WARN_UNINITIALIZED_AUTOS = YES_AGGRESSIVE;
				GCC_WARN_UNUSED_FUNCTION = YES;
				GCC_WARN_UNUSED_VARIABLE = YES;
				IPHONEOS_DEPLOYMENT_TARGET = 12.2;
				MTL_ENABLE_DEBUG_INFO = NO;
				MTL_FAST_MATH = YES;
				SDKROOT = iphoneos;
				SWIFT_COMPILATION_MODE = wholemodule;
				SWIFT_OPTIMIZATION_LEVEL = "-O";
				VALIDATE_PRODUCT = YES;
			};
			name = Release;
		};
		C9F8B4DC227AC54D00B5F4D9 /* Debug */ = {
			isa = XCBuildConfiguration;
			buildSettings = {
				ASSETCATALOG_COMPILER_APPICON_NAME = AppIcon;
				CODE_SIGN_STYLE = Automatic;
				INFOPLIST_FILE = GithubSearchIsuueApp/Info.plist;
				LD_RUNPATH_SEARCH_PATHS = (
					"$(inherited)",
					"@executable_path/Frameworks",
				);
				PRODUCT_BUNDLE_IDENTIFIER = dasilver.jeong.GithubSearchIsuueApp;
				PRODUCT_NAME = "$(TARGET_NAME)";
				SWIFT_VERSION = 5.0;
				TARGETED_DEVICE_FAMILY = "1,2";
			};
			name = Debug;
		};
		C9F8B4DD227AC54D00B5F4D9 /* Release */ = {
			isa = XCBuildConfiguration;
			buildSettings = {
				ASSETCATALOG_COMPILER_APPICON_NAME = AppIcon;
				CODE_SIGN_STYLE = Automatic;
				INFOPLIST_FILE = GithubSearchIsuueApp/Info.plist;
				LD_RUNPATH_SEARCH_PATHS = (
					"$(inherited)",
					"@executable_path/Frameworks",
				);
				PRODUCT_BUNDLE_IDENTIFIER = dasilver.jeong.GithubSearchIsuueApp;
				PRODUCT_NAME = "$(TARGET_NAME)";
				SWIFT_VERSION = 5.0;
				TARGETED_DEVICE_FAMILY = "1,2";
			};
			name = Release;
		};
		C9F8B4DF227AC54D00B5F4D9 /* Debug */ = {
			isa = XCBuildConfiguration;
			buildSettings = {
				ALWAYS_EMBED_SWIFT_STANDARD_LIBRARIES = YES;
				BUNDLE_LOADER = "$(TEST_HOST)";
				CODE_SIGN_STYLE = Automatic;
				INFOPLIST_FILE = GithubSearchIsuueAppTests/Info.plist;
				LD_RUNPATH_SEARCH_PATHS = (
					"$(inherited)",
					"@executable_path/Frameworks",
					"@loader_path/Frameworks",
				);
				PRODUCT_BUNDLE_IDENTIFIER = dasilver.jeong.GithubSearchIsuueAppTests;
				PRODUCT_NAME = "$(TARGET_NAME)";
				SWIFT_VERSION = 5.0;
				TARGETED_DEVICE_FAMILY = "1,2";
				TEST_HOST = "$(BUILT_PRODUCTS_DIR)/GithubSearchIsuueApp.app/GithubSearchIsuueApp";
			};
			name = Debug;
		};
		C9F8B4E0227AC54D00B5F4D9 /* Release */ = {
			isa = XCBuildConfiguration;
			buildSettings = {
				ALWAYS_EMBED_SWIFT_STANDARD_LIBRARIES = YES;
				BUNDLE_LOADER = "$(TEST_HOST)";
				CODE_SIGN_STYLE = Automatic;
				INFOPLIST_FILE = GithubSearchIsuueAppTests/Info.plist;
				LD_RUNPATH_SEARCH_PATHS = (
					"$(inherited)",
					"@executable_path/Frameworks",
					"@loader_path/Frameworks",
				);
				PRODUCT_BUNDLE_IDENTIFIER = dasilver.jeong.GithubSearchIsuueAppTests;
				PRODUCT_NAME = "$(TARGET_NAME)";
				SWIFT_VERSION = 5.0;
				TARGETED_DEVICE_FAMILY = "1,2";
				TEST_HOST = "$(BUILT_PRODUCTS_DIR)/GithubSearchIsuueApp.app/GithubSearchIsuueApp";
			};
			name = Release;
		};
/* End XCBuildConfiguration section */

/* Begin XCConfigurationList section */
		C9F8B4B6227AC54900B5F4D9 /* Build configuration list for PBXProject "GithubSearchIsuueApp" */ = {
			isa = XCConfigurationList;
			buildConfigurations = (
				C9F8B4D9227AC54D00B5F4D9 /* Debug */,
				C9F8B4DA227AC54D00B5F4D9 /* Release */,
			);
			defaultConfigurationIsVisible = 0;
			defaultConfigurationName = Release;
		};
		C9F8B4DB227AC54D00B5F4D9 /* Build configuration list for PBXNativeTarget "GithubSearchIsuueApp" */ = {
			isa = XCConfigurationList;
			buildConfigurations = (
				C9F8B4DC227AC54D00B5F4D9 /* Debug */,
				C9F8B4DD227AC54D00B5F4D9 /* Release */,
			);
			defaultConfigurationIsVisible = 0;
			defaultConfigurationName = Release;
		};
		C9F8B4DE227AC54D00B5F4D9 /* Build configuration list for PBXNativeTarget "GithubSearchIsuueAppTests" */ = {
			isa = XCConfigurationList;
			buildConfigurations = (
				C9F8B4DF227AC54D00B5F4D9 /* Debug */,
				C9F8B4E0227AC54D00B5F4D9 /* Release */,
			);
			defaultConfigurationIsVisible = 0;
			defaultConfigurationName = Release;
		};
/* End XCConfigurationList section */

/* Begin XCVersionGroup section */
		C9F8B4C5227AC54900B5F4D9 /* GithubSearchIsuueApp.xcdatamodeld */ = {
			isa = XCVersionGroup;
			children = (
				C9F8B4C6227AC54900B5F4D9 /* GithubSearchIsuueApp.xcdatamodel */,
			);
			currentVersion = C9F8B4C6227AC54900B5F4D9 /* GithubSearchIsuueApp.xcdatamodel */;
			path = GithubSearchIsuueApp.xcdatamodeld;
			sourceTree = "<group>";
			versionGroupType = wrapper.xcdatamodel;
		};
/* End XCVersionGroup section */
	};
	rootObject = C9F8B4B3227AC54900B5F4D9 /* Project object */;
}
